// !$*UTF8*$!
{
	archiveVersion = 1;
	classes = {
	};
	objectVersion = 56;
	objects = {

/* Begin PBXBuildFile section */
		0C526EDEE1169027D5B457A1 /* Pods_ShopUp.framework in Frameworks */ = {isa = PBXBuildFile; fileRef = 760CD571A28424CD1AE5DE39 /* Pods_ShopUp.framework */; };
		4BFB285AA26623479B5E9DD1 /* Pods_ShopUpTests.framework in Frameworks */ = {isa = PBXBuildFile; fileRef = D10E8B005F0DBDDB98AA8AE9 /* Pods_ShopUpTests.framework */; };
		6808A685C3490CBBD1A6F801 /* Pods_ShopUp_ShopUpUITests.framework in Frameworks */ = {isa = PBXBuildFile; fileRef = CB2F12F116512E23A5D16AFB /* Pods_ShopUp_ShopUpUITests.framework */; };
		682A5CFC29599416005AC208 /* DBMgr.swift in Sources */ = {isa = PBXBuildFile; fileRef = 682A5CFB29599416005AC208 /* DBMgr.swift */; };
		682A5CFF2959999D005AC208 /* FoodInfomationDBModel.swift in Sources */ = {isa = PBXBuildFile; fileRef = 682A5CFE2959999D005AC208 /* FoodInfomationDBModel.swift */; };
		682A5D01295A8291005AC208 /* SmallFitCollectionCell.swift in Sources */ = {isa = PBXBuildFile; fileRef = 682A5D00295A8291005AC208 /* SmallFitCollectionCell.swift */; };
		682A5D03295ACB2E005AC208 /* AllStatusModel.swift in Sources */ = {isa = PBXBuildFile; fileRef = 682A5D02295ACB2E005AC208 /* AllStatusModel.swift */; };
		68C819172949C04B007B6EC2 /* AppDelegate.swift in Sources */ = {isa = PBXBuildFile; fileRef = 68C819162949C04B007B6EC2 /* AppDelegate.swift */; };
		68C8191E2949C04B007B6EC2 /* Main.storyboard in Resources */ = {isa = PBXBuildFile; fileRef = 68C8191C2949C04B007B6EC2 /* Main.storyboard */; };
		68C819202949C04C007B6EC2 /* Assets.xcassets in Resources */ = {isa = PBXBuildFile; fileRef = 68C8191F2949C04C007B6EC2 /* Assets.xcassets */; };
		68C819232949C04C007B6EC2 /* LaunchScreen.storyboard in Resources */ = {isa = PBXBuildFile; fileRef = 68C819212949C04C007B6EC2 /* LaunchScreen.storyboard */; };
		68C8192E2949C04D007B6EC2 /* ShopUpTests.swift in Sources */ = {isa = PBXBuildFile; fileRef = 68C8192D2949C04D007B6EC2 /* ShopUpTests.swift */; };
		68C819382949C04D007B6EC2 /* ShopUpUITests.swift in Sources */ = {isa = PBXBuildFile; fileRef = 68C819372949C04D007B6EC2 /* ShopUpUITests.swift */; };
		68C8193A2949C04D007B6EC2 /* ShopUpUITestsLaunchTests.swift in Sources */ = {isa = PBXBuildFile; fileRef = 68C819392949C04D007B6EC2 /* ShopUpUITestsLaunchTests.swift */; };
		68C81951294AB30D007B6EC2 /* MainViewController.swift in Sources */ = {isa = PBXBuildFile; fileRef = 68C81950294AB30D007B6EC2 /* MainViewController.swift */; };
		68C81953294AC209007B6EC2 /* CarouselUIView.swift in Sources */ = {isa = PBXBuildFile; fileRef = 68C81952294AC209007B6EC2 /* CarouselUIView.swift */; };
		68C81955294AC34A007B6EC2 /* UIView+Extensions.swift in Sources */ = {isa = PBXBuildFile; fileRef = 68C81954294AC34A007B6EC2 /* UIView+Extensions.swift */; };
		68C81957294ADB51007B6EC2 /* GradientWayType.swift in Sources */ = {isa = PBXBuildFile; fileRef = 68C81956294ADB51007B6EC2 /* GradientWayType.swift */; };
		68C81959294AE818007B6EC2 /* UICollectionViewCell+Extensions.swift in Sources */ = {isa = PBXBuildFile; fileRef = 68C81958294AE818007B6EC2 /* UICollectionViewCell+Extensions.swift */; };
		68C8195B294AF390007B6EC2 /* CarouselUICell.swift in Sources */ = {isa = PBXBuildFile; fileRef = 68C8195A294AF38F007B6EC2 /* CarouselUICell.swift */; };
		68C8195E294AFC58007B6EC2 /* shopUpMainCarousel_dataSources.json in Resources */ = {isa = PBXBuildFile; fileRef = 68C8195D294AFC58007B6EC2 /* shopUpMainCarousel_dataSources.json */; };
		68C81960294B016B007B6EC2 /* UIColor+Extensions.swift in Sources */ = {isa = PBXBuildFile; fileRef = 68C8195F294B016B007B6EC2 /* UIColor+Extensions.swift */; };
		68C81962294B1088007B6EC2 /* MainCarouselModel.swift in Sources */ = {isa = PBXBuildFile; fileRef = 68C81961294B1088007B6EC2 /* MainCarouselModel.swift */; };
		68C81964294B1FCC007B6EC2 /* MainViewModel.swift in Sources */ = {isa = PBXBuildFile; fileRef = 68C81963294B1FCC007B6EC2 /* MainViewModel.swift */; };
		68D8C6912952F04D003F2652 /* FitStringUIButton.swift in Sources */ = {isa = PBXBuildFile; fileRef = 68D8C6902952F04D003F2652 /* FitStringUIButton.swift */; };
		68D8C69329556920003F2652 /* AppColorType.swift in Sources */ = {isa = PBXBuildFile; fileRef = 68D8C69229556920003F2652 /* AppColorType.swift */; };
		68D8C69529557DB7003F2652 /* SmallConfirmButton.swift in Sources */ = {isa = PBXBuildFile; fileRef = 68D8C69429557DB7003F2652 /* SmallConfirmButton.swift */; };
		68D8C6972955B074003F2652 /* FoodInfomationModel.swift in Sources */ = {isa = PBXBuildFile; fileRef = 68D8C6962955B074003F2652 /* FoodInfomationModel.swift */; };
		68D8C6992959459D003F2652 /* Settings.storyboard in Resources */ = {isa = PBXBuildFile; fileRef = 68D8C6982959459D003F2652 /* Settings.storyboard */; };
		68D8C69B29595BA9003F2652 /* SettingsViewController.swift in Sources */ = {isa = PBXBuildFile; fileRef = 68D8C69A29595BA9003F2652 /* SettingsViewController.swift */; };
/* End PBXBuildFile section */

/* Begin PBXContainerItemProxy section */
		68C8192A2949C04D007B6EC2 /* PBXContainerItemProxy */ = {
			isa = PBXContainerItemProxy;
			containerPortal = 68C8190B2949C04A007B6EC2 /* Project object */;
			proxyType = 1;
			remoteGlobalIDString = 68C819122949C04B007B6EC2;
			remoteInfo = ShopUp;
		};
		68C819342949C04D007B6EC2 /* PBXContainerItemProxy */ = {
			isa = PBXContainerItemProxy;
			containerPortal = 68C8190B2949C04A007B6EC2 /* Project object */;
			proxyType = 1;
			remoteGlobalIDString = 68C819122949C04B007B6EC2;
			remoteInfo = ShopUp;
		};
/* End PBXContainerItemProxy section */

/* Begin PBXFileReference section */
		682A5CFB29599416005AC208 /* DBMgr.swift */ = {isa = PBXFileReference; lastKnownFileType = sourcecode.swift; path = DBMgr.swift; sourceTree = "<group>"; };
		682A5CFE2959999D005AC208 /* FoodInfomationDBModel.swift */ = {isa = PBXFileReference; lastKnownFileType = sourcecode.swift; path = FoodInfomationDBModel.swift; sourceTree = "<group>"; };
		682A5D00295A8291005AC208 /* SmallFitCollectionCell.swift */ = {isa = PBXFileReference; lastKnownFileType = sourcecode.swift; path = SmallFitCollectionCell.swift; sourceTree = "<group>"; };
		682A5D02295ACB2E005AC208 /* AllStatusModel.swift */ = {isa = PBXFileReference; lastKnownFileType = sourcecode.swift; path = AllStatusModel.swift; sourceTree = "<group>"; };
		68C819132949C04B007B6EC2 /* ShopUp.app */ = {isa = PBXFileReference; explicitFileType = wrapper.application; includeInIndex = 0; path = ShopUp.app; sourceTree = BUILT_PRODUCTS_DIR; };
		68C819162949C04B007B6EC2 /* AppDelegate.swift */ = {isa = PBXFileReference; lastKnownFileType = sourcecode.swift; path = AppDelegate.swift; sourceTree = "<group>"; };
		68C8191D2949C04B007B6EC2 /* Base */ = {isa = PBXFileReference; lastKnownFileType = file.storyboard; name = Base; path = Base.lproj/Main.storyboard; sourceTree = "<group>"; };
		68C8191F2949C04C007B6EC2 /* Assets.xcassets */ = {isa = PBXFileReference; lastKnownFileType = folder.assetcatalog; path = Assets.xcassets; sourceTree = "<group>"; };
		68C819222949C04C007B6EC2 /* Base */ = {isa = PBXFileReference; lastKnownFileType = file.storyboard; name = Base; path = Base.lproj/LaunchScreen.storyboard; sourceTree = "<group>"; };
		68C819242949C04C007B6EC2 /* Info.plist */ = {isa = PBXFileReference; lastKnownFileType = text.plist.xml; path = Info.plist; sourceTree = "<group>"; };
		68C819292949C04D007B6EC2 /* ShopUpTests.xctest */ = {isa = PBXFileReference; explicitFileType = wrapper.cfbundle; includeInIndex = 0; path = ShopUpTests.xctest; sourceTree = BUILT_PRODUCTS_DIR; };
		68C8192D2949C04D007B6EC2 /* ShopUpTests.swift */ = {isa = PBXFileReference; lastKnownFileType = sourcecode.swift; path = ShopUpTests.swift; sourceTree = "<group>"; };
		68C819332949C04D007B6EC2 /* ShopUpUITests.xctest */ = {isa = PBXFileReference; explicitFileType = wrapper.cfbundle; includeInIndex = 0; path = ShopUpUITests.xctest; sourceTree = BUILT_PRODUCTS_DIR; };
		68C819372949C04D007B6EC2 /* ShopUpUITests.swift */ = {isa = PBXFileReference; lastKnownFileType = sourcecode.swift; path = ShopUpUITests.swift; sourceTree = "<group>"; };
		68C819392949C04D007B6EC2 /* ShopUpUITestsLaunchTests.swift */ = {isa = PBXFileReference; lastKnownFileType = sourcecode.swift; path = ShopUpUITestsLaunchTests.swift; sourceTree = "<group>"; };
		68C81950294AB30D007B6EC2 /* MainViewController.swift */ = {isa = PBXFileReference; lastKnownFileType = sourcecode.swift; path = MainViewController.swift; sourceTree = "<group>"; };
		68C81952294AC209007B6EC2 /* CarouselUIView.swift */ = {isa = PBXFileReference; lastKnownFileType = sourcecode.swift; path = CarouselUIView.swift; sourceTree = "<group>"; };
		68C81954294AC34A007B6EC2 /* UIView+Extensions.swift */ = {isa = PBXFileReference; lastKnownFileType = sourcecode.swift; path = "UIView+Extensions.swift"; sourceTree = "<group>"; };
		68C81956294ADB51007B6EC2 /* GradientWayType.swift */ = {isa = PBXFileReference; lastKnownFileType = sourcecode.swift; path = GradientWayType.swift; sourceTree = "<group>"; };
		68C81958294AE818007B6EC2 /* UICollectionViewCell+Extensions.swift */ = {isa = PBXFileReference; lastKnownFileType = sourcecode.swift; path = "UICollectionViewCell+Extensions.swift"; sourceTree = "<group>"; };
		68C8195A294AF38F007B6EC2 /* CarouselUICell.swift */ = {isa = PBXFileReference; lastKnownFileType = sourcecode.swift; path = CarouselUICell.swift; sourceTree = "<group>"; };
		68C8195D294AFC58007B6EC2 /* shopUpMainCarousel_dataSources.json */ = {isa = PBXFileReference; lastKnownFileType = text.json; path = shopUpMainCarousel_dataSources.json; sourceTree = "<group>"; };
		68C8195F294B016B007B6EC2 /* UIColor+Extensions.swift */ = {isa = PBXFileReference; lastKnownFileType = sourcecode.swift; path = "UIColor+Extensions.swift"; sourceTree = "<group>"; };
		68C81961294B1088007B6EC2 /* MainCarouselModel.swift */ = {isa = PBXFileReference; lastKnownFileType = sourcecode.swift; path = MainCarouselModel.swift; sourceTree = "<group>"; };
		68C81963294B1FCC007B6EC2 /* MainViewModel.swift */ = {isa = PBXFileReference; lastKnownFileType = sourcecode.swift; path = MainViewModel.swift; sourceTree = "<group>"; };
		68D8C6902952F04D003F2652 /* FitStringUIButton.swift */ = {isa = PBXFileReference; lastKnownFileType = sourcecode.swift; path = FitStringUIButton.swift; sourceTree = "<group>"; };
		68D8C69229556920003F2652 /* AppColorType.swift */ = {isa = PBXFileReference; lastKnownFileType = sourcecode.swift; path = AppColorType.swift; sourceTree = "<group>"; };
		68D8C69429557DB7003F2652 /* SmallConfirmButton.swift */ = {isa = PBXFileReference; lastKnownFileType = sourcecode.swift; path = SmallConfirmButton.swift; sourceTree = "<group>"; };
		68D8C6962955B074003F2652 /* FoodInfomationModel.swift */ = {isa = PBXFileReference; lastKnownFileType = sourcecode.swift; path = FoodInfomationModel.swift; sourceTree = "<group>"; };
		68D8C6982959459D003F2652 /* Settings.storyboard */ = {isa = PBXFileReference; fileEncoding = 4; lastKnownFileType = file.storyboard; path = Settings.storyboard; sourceTree = "<group>"; };
		68D8C69A29595BA9003F2652 /* SettingsViewController.swift */ = {isa = PBXFileReference; lastKnownFileType = sourcecode.swift; path = SettingsViewController.swift; sourceTree = "<group>"; };
		760CD571A28424CD1AE5DE39 /* Pods_ShopUp.framework */ = {isa = PBXFileReference; explicitFileType = wrapper.framework; includeInIndex = 0; path = Pods_ShopUp.framework; sourceTree = BUILT_PRODUCTS_DIR; };
		A82AB45463DF95BD4C53D6C4 /* Pods-ShopUp-ShopUpUITests.release.xcconfig */ = {isa = PBXFileReference; includeInIndex = 1; lastKnownFileType = text.xcconfig; name = "Pods-ShopUp-ShopUpUITests.release.xcconfig"; path = "Target Support Files/Pods-ShopUp-ShopUpUITests/Pods-ShopUp-ShopUpUITests.release.xcconfig"; sourceTree = "<group>"; };
		CB2F12F116512E23A5D16AFB /* Pods_ShopUp_ShopUpUITests.framework */ = {isa = PBXFileReference; explicitFileType = wrapper.framework; includeInIndex = 0; path = Pods_ShopUp_ShopUpUITests.framework; sourceTree = BUILT_PRODUCTS_DIR; };
		D10E8B005F0DBDDB98AA8AE9 /* Pods_ShopUpTests.framework */ = {isa = PBXFileReference; explicitFileType = wrapper.framework; includeInIndex = 0; path = Pods_ShopUpTests.framework; sourceTree = BUILT_PRODUCTS_DIR; };
		E2C6B84D971EB80E3BE03F0C /* Pods-ShopUp-ShopUpUITests.debug.xcconfig */ = {isa = PBXFileReference; includeInIndex = 1; lastKnownFileType = text.xcconfig; name = "Pods-ShopUp-ShopUpUITests.debug.xcconfig"; path = "Target Support Files/Pods-ShopUp-ShopUpUITests/Pods-ShopUp-ShopUpUITests.debug.xcconfig"; sourceTree = "<group>"; };
		E90AA482DB5C35CC8D294D66 /* Pods-ShopUp.release.xcconfig */ = {isa = PBXFileReference; includeInIndex = 1; lastKnownFileType = text.xcconfig; name = "Pods-ShopUp.release.xcconfig"; path = "Target Support Files/Pods-ShopUp/Pods-ShopUp.release.xcconfig"; sourceTree = "<group>"; };
		ED4A0160848F6A5D896597EB /* Pods-ShopUpTests.debug.xcconfig */ = {isa = PBXFileReference; includeInIndex = 1; lastKnownFileType = text.xcconfig; name = "Pods-ShopUpTests.debug.xcconfig"; path = "Target Support Files/Pods-ShopUpTests/Pods-ShopUpTests.debug.xcconfig"; sourceTree = "<group>"; };
		EED032AC80714B712FB2F51C /* Pods-ShopUpTests.release.xcconfig */ = {isa = PBXFileReference; includeInIndex = 1; lastKnownFileType = text.xcconfig; name = "Pods-ShopUpTests.release.xcconfig"; path = "Target Support Files/Pods-ShopUpTests/Pods-ShopUpTests.release.xcconfig"; sourceTree = "<group>"; };
		FEB0F29928B97DBD843F6606 /* Pods-ShopUp.debug.xcconfig */ = {isa = PBXFileReference; includeInIndex = 1; lastKnownFileType = text.xcconfig; name = "Pods-ShopUp.debug.xcconfig"; path = "Target Support Files/Pods-ShopUp/Pods-ShopUp.debug.xcconfig"; sourceTree = "<group>"; };
/* End PBXFileReference section */

/* Begin PBXFrameworksBuildPhase section */
		68C819102949C04B007B6EC2 /* Frameworks */ = {
			isa = PBXFrameworksBuildPhase;
			buildActionMask = 2147483647;
			files = (
				0C526EDEE1169027D5B457A1 /* Pods_ShopUp.framework in Frameworks */,
			);
			runOnlyForDeploymentPostprocessing = 0;
		};
		68C819262949C04D007B6EC2 /* Frameworks */ = {
			isa = PBXFrameworksBuildPhase;
			buildActionMask = 2147483647;
			files = (
				4BFB285AA26623479B5E9DD1 /* Pods_ShopUpTests.framework in Frameworks */,
			);
			runOnlyForDeploymentPostprocessing = 0;
		};
		68C819302949C04D007B6EC2 /* Frameworks */ = {
			isa = PBXFrameworksBuildPhase;
			buildActionMask = 2147483647;
			files = (
				6808A685C3490CBBD1A6F801 /* Pods_ShopUp_ShopUpUITests.framework in Frameworks */,
			);
			runOnlyForDeploymentPostprocessing = 0;
		};
/* End PBXFrameworksBuildPhase section */

/* Begin PBXGroup section */
		4D39A470E28D9D0C6F8911FD /* Frameworks */ = {
			isa = PBXGroup;
			children = (
				760CD571A28424CD1AE5DE39 /* Pods_ShopUp.framework */,
				CB2F12F116512E23A5D16AFB /* Pods_ShopUp_ShopUpUITests.framework */,
				D10E8B005F0DBDDB98AA8AE9 /* Pods_ShopUpTests.framework */,
			);
			name = Frameworks;
			sourceTree = "<group>";
		};
		682A5CFA295993D0005AC208 /* Utils */ = {
			isa = PBXGroup;
			children = (
				682A5CFB29599416005AC208 /* DBMgr.swift */,
			);
			path = Utils;
			sourceTree = "<group>";
		};
		682A5CFD29599976005AC208 /* DBModel */ = {
			isa = PBXGroup;
			children = (
				682A5CFE2959999D005AC208 /* FoodInfomationDBModel.swift */,
			);
			path = DBModel;
			sourceTree = "<group>";
		};
		68C8190A2949C04A007B6EC2 = {
			isa = PBXGroup;
			children = (
				68C819152949C04B007B6EC2 /* ShopUp */,
				68C8192C2949C04D007B6EC2 /* ShopUpTests */,
				68C819362949C04D007B6EC2 /* ShopUpUITests */,
				68C819142949C04B007B6EC2 /* Products */,
				A1D9E812C931BBEDA749B4B4 /* Pods */,
				4D39A470E28D9D0C6F8911FD /* Frameworks */,
			);
			sourceTree = "<group>";
		};
		68C819142949C04B007B6EC2 /* Products */ = {
			isa = PBXGroup;
			children = (
				68C819132949C04B007B6EC2 /* ShopUp.app */,
				68C819292949C04D007B6EC2 /* ShopUpTests.xctest */,
				68C819332949C04D007B6EC2 /* ShopUpUITests.xctest */,
			);
			name = Products;
			sourceTree = "<group>";
		};
		68C819152949C04B007B6EC2 /* ShopUp */ = {
			isa = PBXGroup;
			children = (
				68C819242949C04C007B6EC2 /* Info.plist */,
				68C8191F2949C04C007B6EC2 /* Assets.xcassets */,
				682A5CFA295993D0005AC208 /* Utils */,
				68C8195C294AFC0B007B6EC2 /* Data */,
				68C8194A2949C86F007B6EC2 /* Extensions */,
				68C819492949C866007B6EC2 /* Consts */,
				68C819482949C83B007B6EC2 /* Delegate */,
				68C8194F2949C8B4007B6EC2 /* ApiService */,
				68C8194B2949C879007B6EC2 /* Model */,
				68C8194E2949C8AB007B6EC2 /* ViewModel */,
				68C8194D2949C8A0007B6EC2 /* ViewController */,
				68C8194C2949C88A007B6EC2 /* CustomView */,
				68C819462949C56B007B6EC2 /* Storyboard */,
			);
			path = ShopUp;
			sourceTree = "<group>";
		};
		68C8192C2949C04D007B6EC2 /* ShopUpTests */ = {
			isa = PBXGroup;
			children = (
				68C8192D2949C04D007B6EC2 /* ShopUpTests.swift */,
			);
			path = ShopUpTests;
			sourceTree = "<group>";
		};
		68C819362949C04D007B6EC2 /* ShopUpUITests */ = {
			isa = PBXGroup;
			children = (
				68C819372949C04D007B6EC2 /* ShopUpUITests.swift */,
				68C819392949C04D007B6EC2 /* ShopUpUITestsLaunchTests.swift */,
			);
			path = ShopUpUITests;
			sourceTree = "<group>";
		};
		68C819462949C56B007B6EC2 /* Storyboard */ = {
			isa = PBXGroup;
			children = (
				68C8191C2949C04B007B6EC2 /* Main.storyboard */,
				68C819212949C04C007B6EC2 /* LaunchScreen.storyboard */,
				68D8C6982959459D003F2652 /* Settings.storyboard */,
			);
			path = Storyboard;
			sourceTree = "<group>";
		};
		68C819482949C83B007B6EC2 /* Delegate */ = {
			isa = PBXGroup;
			children = (
				68C819162949C04B007B6EC2 /* AppDelegate.swift */,
			);
			path = Delegate;
			sourceTree = "<group>";
		};
		68C819492949C866007B6EC2 /* Consts */ = {
			isa = PBXGroup;
			children = (
				68C81956294ADB51007B6EC2 /* GradientWayType.swift */,
				68D8C69229556920003F2652 /* AppColorType.swift */,
			);
			path = Consts;
			sourceTree = "<group>";
		};
		68C8194A2949C86F007B6EC2 /* Extensions */ = {
			isa = PBXGroup;
			children = (
				68C81954294AC34A007B6EC2 /* UIView+Extensions.swift */,
				68C81958294AE818007B6EC2 /* UICollectionViewCell+Extensions.swift */,
				68C8195F294B016B007B6EC2 /* UIColor+Extensions.swift */,
			);
			path = Extensions;
			sourceTree = "<group>";
		};
		68C8194B2949C879007B6EC2 /* Model */ = {
			isa = PBXGroup;
			children = (
				682A5CFD29599976005AC208 /* DBModel */,
				68C81961294B1088007B6EC2 /* MainCarouselModel.swift */,
				68D8C6962955B074003F2652 /* FoodInfomationModel.swift */,
				682A5D02295ACB2E005AC208 /* AllStatusModel.swift */,
			);
			path = Model;
			sourceTree = "<group>";
		};
		68C8194C2949C88A007B6EC2 /* CustomView */ = {
			isa = PBXGroup;
			children = (
				68C81952294AC209007B6EC2 /* CarouselUIView.swift */,
				68C8195A294AF38F007B6EC2 /* CarouselUICell.swift */,
				68D8C6902952F04D003F2652 /* FitStringUIButton.swift */,
				68D8C69429557DB7003F2652 /* SmallConfirmButton.swift */,
				682A5D00295A8291005AC208 /* SmallFitCollectionCell.swift */,
			);
			path = CustomView;
			sourceTree = "<group>";
		};
		68C8194D2949C8A0007B6EC2 /* ViewController */ = {
			isa = PBXGroup;
			children = (
				68C81950294AB30D007B6EC2 /* MainViewController.swift */,
				68D8C69A29595BA9003F2652 /* SettingsViewController.swift */,
			);
			path = ViewController;
			sourceTree = "<group>";
		};
		68C8194E2949C8AB007B6EC2 /* ViewModel */ = {
			isa = PBXGroup;
			children = (
				68C81963294B1FCC007B6EC2 /* MainViewModel.swift */,
			);
			path = ViewModel;
			sourceTree = "<group>";
		};
		68C8194F2949C8B4007B6EC2 /* ApiService */ = {
			isa = PBXGroup;
			children = (
			);
			path = ApiService;
			sourceTree = "<group>";
		};
		68C8195C294AFC0B007B6EC2 /* Data */ = {
			isa = PBXGroup;
			children = (
				68C8195D294AFC58007B6EC2 /* shopUpMainCarousel_dataSources.json */,
			);
			path = Data;
			sourceTree = "<group>";
		};
		A1D9E812C931BBEDA749B4B4 /* Pods */ = {
			isa = PBXGroup;
			children = (
				FEB0F29928B97DBD843F6606 /* Pods-ShopUp.debug.xcconfig */,
				E90AA482DB5C35CC8D294D66 /* Pods-ShopUp.release.xcconfig */,
				E2C6B84D971EB80E3BE03F0C /* Pods-ShopUp-ShopUpUITests.debug.xcconfig */,
				A82AB45463DF95BD4C53D6C4 /* Pods-ShopUp-ShopUpUITests.release.xcconfig */,
				ED4A0160848F6A5D896597EB /* Pods-ShopUpTests.debug.xcconfig */,
				EED032AC80714B712FB2F51C /* Pods-ShopUpTests.release.xcconfig */,
			);
			path = Pods;
			sourceTree = "<group>";
		};
/* End PBXGroup section */

/* Begin PBXNativeTarget section */
		68C819122949C04B007B6EC2 /* ShopUp */ = {
			isa = PBXNativeTarget;
			buildConfigurationList = 68C8193D2949C04D007B6EC2 /* Build configuration list for PBXNativeTarget "ShopUp" */;
			buildPhases = (
				F7187613159B75A6FB6A9B24 /* [CP] Check Pods Manifest.lock */,
				68C8190F2949C04B007B6EC2 /* Sources */,
				68C819102949C04B007B6EC2 /* Frameworks */,
				68C819112949C04B007B6EC2 /* Resources */,
				C6B7915ECA5CFD7BAE21E920 /* [CP] Embed Pods Frameworks */,
			);
			buildRules = (
			);
			dependencies = (
			);
			name = ShopUp;
			productName = ShopUp;
			productReference = 68C819132949C04B007B6EC2 /* ShopUp.app */;
			productType = "com.apple.product-type.application";
		};
		68C819282949C04D007B6EC2 /* ShopUpTests */ = {
			isa = PBXNativeTarget;
			buildConfigurationList = 68C819402949C04D007B6EC2 /* Build configuration list for PBXNativeTarget "ShopUpTests" */;
			buildPhases = (
				28F3D2337EAF382E65C73ED7 /* [CP] Check Pods Manifest.lock */,
				68C819252949C04D007B6EC2 /* Sources */,
				68C819262949C04D007B6EC2 /* Frameworks */,
				68C819272949C04D007B6EC2 /* Resources */,
			);
			buildRules = (
			);
			dependencies = (
				68C8192B2949C04D007B6EC2 /* PBXTargetDependency */,
			);
			name = ShopUpTests;
			productName = ShopUpTests;
			productReference = 68C819292949C04D007B6EC2 /* ShopUpTests.xctest */;
			productType = "com.apple.product-type.bundle.unit-test";
		};
		68C819322949C04D007B6EC2 /* ShopUpUITests */ = {
			isa = PBXNativeTarget;
			buildConfigurationList = 68C819432949C04D007B6EC2 /* Build configuration list for PBXNativeTarget "ShopUpUITests" */;
			buildPhases = (
				8F11B7E6FA57AD934903F315 /* [CP] Check Pods Manifest.lock */,
				68C8192F2949C04D007B6EC2 /* Sources */,
				68C819302949C04D007B6EC2 /* Frameworks */,
				68C819312949C04D007B6EC2 /* Resources */,
				B5BF8A2867E509C606213EF8 /* [CP] Embed Pods Frameworks */,
			);
			buildRules = (
			);
			dependencies = (
				68C819352949C04D007B6EC2 /* PBXTargetDependency */,
			);
			name = ShopUpUITests;
			productName = ShopUpUITests;
			productReference = 68C819332949C04D007B6EC2 /* ShopUpUITests.xctest */;
			productType = "com.apple.product-type.bundle.ui-testing";
		};
/* End PBXNativeTarget section */

/* Begin PBXProject section */
		68C8190B2949C04A007B6EC2 /* Project object */ = {
			isa = PBXProject;
			attributes = {
				BuildIndependentTargetsInParallel = 1;
				LastSwiftUpdateCheck = 1410;
				LastUpgradeCheck = 1410;
				TargetAttributes = {
					68C819122949C04B007B6EC2 = {
						CreatedOnToolsVersion = 14.1;
					};
					68C819282949C04D007B6EC2 = {
						CreatedOnToolsVersion = 14.1;
						TestTargetID = 68C819122949C04B007B6EC2;
					};
					68C819322949C04D007B6EC2 = {
						CreatedOnToolsVersion = 14.1;
						TestTargetID = 68C819122949C04B007B6EC2;
					};
				};
			};
			buildConfigurationList = 68C8190E2949C04A007B6EC2 /* Build configuration list for PBXProject "ShopUp" */;
			compatibilityVersion = "Xcode 14.0";
			developmentRegion = en;
			hasScannedForEncodings = 0;
			knownRegions = (
				en,
				Base,
			);
			mainGroup = 68C8190A2949C04A007B6EC2;
			productRefGroup = 68C819142949C04B007B6EC2 /* Products */;
			projectDirPath = "";
			projectRoot = "";
			targets = (
				68C819122949C04B007B6EC2 /* ShopUp */,
				68C819282949C04D007B6EC2 /* ShopUpTests */,
				68C819322949C04D007B6EC2 /* ShopUpUITests */,
			);
		};
/* End PBXProject section */

/* Begin PBXResourcesBuildPhase section */
		68C819112949C04B007B6EC2 /* Resources */ = {
			isa = PBXResourcesBuildPhase;
			buildActionMask = 2147483647;
			files = (
				68C819232949C04C007B6EC2 /* LaunchScreen.storyboard in Resources */,
				68C819202949C04C007B6EC2 /* Assets.xcassets in Resources */,
				68C8195E294AFC58007B6EC2 /* shopUpMainCarousel_dataSources.json in Resources */,
				68C8191E2949C04B007B6EC2 /* Main.storyboard in Resources */,
				68D8C6992959459D003F2652 /* Settings.storyboard in Resources */,
			);
			runOnlyForDeploymentPostprocessing = 0;
		};
		68C819272949C04D007B6EC2 /* Resources */ = {
			isa = PBXResourcesBuildPhase;
			buildActionMask = 2147483647;
			files = (
			);
			runOnlyForDeploymentPostprocessing = 0;
		};
		68C819312949C04D007B6EC2 /* Resources */ = {
			isa = PBXResourcesBuildPhase;
			buildActionMask = 2147483647;
			files = (
			);
			runOnlyForDeploymentPostprocessing = 0;
		};
/* End PBXResourcesBuildPhase section */

/* Begin PBXShellScriptBuildPhase section */
		28F3D2337EAF382E65C73ED7 /* [CP] Check Pods Manifest.lock */ = {
			isa = PBXShellScriptBuildPhase;
			buildActionMask = 2147483647;
			files = (
			);
			inputFileListPaths = (
			);
			inputPaths = (
				"${PODS_PODFILE_DIR_PATH}/Podfile.lock",
				"${PODS_ROOT}/Manifest.lock",
			);
			name = "[CP] Check Pods Manifest.lock";
			outputFileListPaths = (
			);
			outputPaths = (
				"$(DERIVED_FILE_DIR)/Pods-ShopUpTests-checkManifestLockResult.txt",
			);
			runOnlyForDeploymentPostprocessing = 0;
			shellPath = /bin/sh;
			shellScript = "diff \"${PODS_PODFILE_DIR_PATH}/Podfile.lock\" \"${PODS_ROOT}/Manifest.lock\" > /dev/null\nif [ $? != 0 ] ; then\n    # print error to STDERR\n    echo \"error: The sandbox is not in sync with the Podfile.lock. Run 'pod install' or update your CocoaPods installation.\" >&2\n    exit 1\nfi\n# This output is used by Xcode 'outputs' to avoid re-running this script phase.\necho \"SUCCESS\" > \"${SCRIPT_OUTPUT_FILE_0}\"\n";
			showEnvVarsInLog = 0;
		};
		8F11B7E6FA57AD934903F315 /* [CP] Check Pods Manifest.lock */ = {
			isa = PBXShellScriptBuildPhase;
			buildActionMask = 2147483647;
			files = (
			);
			inputFileListPaths = (
			);
			inputPaths = (
				"${PODS_PODFILE_DIR_PATH}/Podfile.lock",
				"${PODS_ROOT}/Manifest.lock",
			);
			name = "[CP] Check Pods Manifest.lock";
			outputFileListPaths = (
			);
			outputPaths = (
				"$(DERIVED_FILE_DIR)/Pods-ShopUp-ShopUpUITests-checkManifestLockResult.txt",
			);
			runOnlyForDeploymentPostprocessing = 0;
			shellPath = /bin/sh;
			shellScript = "diff \"${PODS_PODFILE_DIR_PATH}/Podfile.lock\" \"${PODS_ROOT}/Manifest.lock\" > /dev/null\nif [ $? != 0 ] ; then\n    # print error to STDERR\n    echo \"error: The sandbox is not in sync with the Podfile.lock. Run 'pod install' or update your CocoaPods installation.\" >&2\n    exit 1\nfi\n# This output is used by Xcode 'outputs' to avoid re-running this script phase.\necho \"SUCCESS\" > \"${SCRIPT_OUTPUT_FILE_0}\"\n";
			showEnvVarsInLog = 0;
		};
		B5BF8A2867E509C606213EF8 /* [CP] Embed Pods Frameworks */ = {
			isa = PBXShellScriptBuildPhase;
			buildActionMask = 2147483647;
			files = (
			);
			inputFileListPaths = (
				"${PODS_ROOT}/Target Support Files/Pods-ShopUp-ShopUpUITests/Pods-ShopUp-ShopUpUITests-frameworks-${CONFIGURATION}-input-files.xcfilelist",
			);
			name = "[CP] Embed Pods Frameworks";
			outputFileListPaths = (
				"${PODS_ROOT}/Target Support Files/Pods-ShopUp-ShopUpUITests/Pods-ShopUp-ShopUpUITests-frameworks-${CONFIGURATION}-output-files.xcfilelist",
			);
			runOnlyForDeploymentPostprocessing = 0;
			shellPath = /bin/sh;
			shellScript = "\"${PODS_ROOT}/Target Support Files/Pods-ShopUp-ShopUpUITests/Pods-ShopUp-ShopUpUITests-frameworks.sh\"\n";
			showEnvVarsInLog = 0;
		};
		C6B7915ECA5CFD7BAE21E920 /* [CP] Embed Pods Frameworks */ = {
			isa = PBXShellScriptBuildPhase;
			buildActionMask = 2147483647;
			files = (
			);
			inputFileListPaths = (
				"${PODS_ROOT}/Target Support Files/Pods-ShopUp/Pods-ShopUp-frameworks-${CONFIGURATION}-input-files.xcfilelist",
			);
			name = "[CP] Embed Pods Frameworks";
			outputFileListPaths = (
				"${PODS_ROOT}/Target Support Files/Pods-ShopUp/Pods-ShopUp-frameworks-${CONFIGURATION}-output-files.xcfilelist",
			);
			runOnlyForDeploymentPostprocessing = 0;
			shellPath = /bin/sh;
			shellScript = "\"${PODS_ROOT}/Target Support Files/Pods-ShopUp/Pods-ShopUp-frameworks.sh\"\n";
			showEnvVarsInLog = 0;
		};
		F7187613159B75A6FB6A9B24 /* [CP] Check Pods Manifest.lock */ = {
			isa = PBXShellScriptBuildPhase;
			buildActionMask = 2147483647;
			files = (
			);
			inputFileListPaths = (
			);
			inputPaths = (
				"${PODS_PODFILE_DIR_PATH}/Podfile.lock",
				"${PODS_ROOT}/Manifest.lock",
			);
			name = "[CP] Check Pods Manifest.lock";
			outputFileListPaths = (
			);
			outputPaths = (
				"$(DERIVED_FILE_DIR)/Pods-ShopUp-checkManifestLockResult.txt",
			);
			runOnlyForDeploymentPostprocessing = 0;
			shellPath = /bin/sh;
			shellScript = "diff \"${PODS_PODFILE_DIR_PATH}/Podfile.lock\" \"${PODS_ROOT}/Manifest.lock\" > /dev/null\nif [ $? != 0 ] ; then\n    # print error to STDERR\n    echo \"error: The sandbox is not in sync with the Podfile.lock. Run 'pod install' or update your CocoaPods installation.\" >&2\n    exit 1\nfi\n# This output is used by Xcode 'outputs' to avoid re-running this script phase.\necho \"SUCCESS\" > \"${SCRIPT_OUTPUT_FILE_0}\"\n";
			showEnvVarsInLog = 0;
		};
/* End PBXShellScriptBuildPhase section */

/* Begin PBXSourcesBuildPhase section */
		68C8190F2949C04B007B6EC2 /* Sources */ = {
			isa = PBXSourcesBuildPhase;
			buildActionMask = 2147483647;
			files = (
				68C81953294AC209007B6EC2 /* CarouselUIView.swift in Sources */,
				68D8C6972955B074003F2652 /* FoodInfomationModel.swift in Sources */,
				682A5CFC29599416005AC208 /* DBMgr.swift in Sources */,
				68C81951294AB30D007B6EC2 /* MainViewController.swift in Sources */,
				68C81959294AE818007B6EC2 /* UICollectionViewCell+Extensions.swift in Sources */,
				68C81960294B016B007B6EC2 /* UIColor+Extensions.swift in Sources */,
				68C81955294AC34A007B6EC2 /* UIView+Extensions.swift in Sources */,
				68C81964294B1FCC007B6EC2 /* MainViewModel.swift in Sources */,
				68C819172949C04B007B6EC2 /* AppDelegate.swift in Sources */,
				68D8C69B29595BA9003F2652 /* SettingsViewController.swift in Sources */,
				68D8C69329556920003F2652 /* AppColorType.swift in Sources */,
				68D8C6912952F04D003F2652 /* FitStringUIButton.swift in Sources */,
				68C81962294B1088007B6EC2 /* MainCarouselModel.swift in Sources */,
				682A5D01295A8291005AC208 /* SmallFitCollectionCell.swift in Sources */,
				682A5CFF2959999D005AC208 /* FoodInfomationDBModel.swift in Sources */,
				68C8195B294AF390007B6EC2 /* CarouselUICell.swift in Sources */,
				682A5D03295ACB2E005AC208 /* AllStatusModel.swift in Sources */,
				68C81957294ADB51007B6EC2 /* GradientWayType.swift in Sources */,
				68D8C69529557DB7003F2652 /* SmallConfirmButton.swift in Sources */,
			);
			runOnlyForDeploymentPostprocessing = 0;
		};
		68C819252949C04D007B6EC2 /* Sources */ = {
			isa = PBXSourcesBuildPhase;
			buildActionMask = 2147483647;
			files = (
				68C8192E2949C04D007B6EC2 /* ShopUpTests.swift in Sources */,
			);
			runOnlyForDeploymentPostprocessing = 0;
		};
		68C8192F2949C04D007B6EC2 /* Sources */ = {
			isa = PBXSourcesBuildPhase;
			buildActionMask = 2147483647;
			files = (
				68C819382949C04D007B6EC2 /* ShopUpUITests.swift in Sources */,
				68C8193A2949C04D007B6EC2 /* ShopUpUITestsLaunchTests.swift in Sources */,
			);
			runOnlyForDeploymentPostprocessing = 0;
		};
/* End PBXSourcesBuildPhase section */

/* Begin PBXTargetDependency section */
		68C8192B2949C04D007B6EC2 /* PBXTargetDependency */ = {
			isa = PBXTargetDependency;
			target = 68C819122949C04B007B6EC2 /* ShopUp */;
			targetProxy = 68C8192A2949C04D007B6EC2 /* PBXContainerItemProxy */;
		};
		68C819352949C04D007B6EC2 /* PBXTargetDependency */ = {
			isa = PBXTargetDependency;
			target = 68C819122949C04B007B6EC2 /* ShopUp */;
			targetProxy = 68C819342949C04D007B6EC2 /* PBXContainerItemProxy */;
		};
/* End PBXTargetDependency section */

/* Begin PBXVariantGroup section */
		68C8191C2949C04B007B6EC2 /* Main.storyboard */ = {
			isa = PBXVariantGroup;
			children = (
				68C8191D2949C04B007B6EC2 /* Base */,
			);
			name = Main.storyboard;
			sourceTree = "<group>";
		};
		68C819212949C04C007B6EC2 /* LaunchScreen.storyboard */ = {
			isa = PBXVariantGroup;
			children = (
				68C819222949C04C007B6EC2 /* Base */,
			);
			name = LaunchScreen.storyboard;
			sourceTree = "<group>";
		};
/* End PBXVariantGroup section */

/* Begin XCBuildConfiguration section */
		68C8193B2949C04D007B6EC2 /* Debug */ = {
			isa = XCBuildConfiguration;
			buildSettings = {
				ALWAYS_SEARCH_USER_PATHS = NO;
				CLANG_ANALYZER_NONNULL = YES;
				CLANG_ANALYZER_NUMBER_OBJECT_CONVERSION = YES_AGGRESSIVE;
				CLANG_CXX_LANGUAGE_STANDARD = "gnu++20";
				CLANG_ENABLE_MODULES = YES;
				CLANG_ENABLE_OBJC_ARC = YES;
				CLANG_ENABLE_OBJC_WEAK = YES;
				CLANG_WARN_BLOCK_CAPTURE_AUTORELEASING = YES;
				CLANG_WARN_BOOL_CONVERSION = YES;
				CLANG_WARN_COMMA = YES;
				CLANG_WARN_CONSTANT_CONVERSION = YES;
				CLANG_WARN_DEPRECATED_OBJC_IMPLEMENTATIONS = YES;
				CLANG_WARN_DIRECT_OBJC_ISA_USAGE = YES_ERROR;
				CLANG_WARN_DOCUMENTATION_COMMENTS = YES;
				CLANG_WARN_EMPTY_BODY = YES;
				CLANG_WARN_ENUM_CONVERSION = YES;
				CLANG_WARN_INFINITE_RECURSION = YES;
				CLANG_WARN_INT_CONVERSION = YES;
				CLANG_WARN_NON_LITERAL_NULL_CONVERSION = YES;
				CLANG_WARN_OBJC_IMPLICIT_RETAIN_SELF = YES;
				CLANG_WARN_OBJC_LITERAL_CONVERSION = YES;
				CLANG_WARN_OBJC_ROOT_CLASS = YES_ERROR;
				CLANG_WARN_QUOTED_INCLUDE_IN_FRAMEWORK_HEADER = YES;
				CLANG_WARN_RANGE_LOOP_ANALYSIS = YES;
				CLANG_WARN_STRICT_PROTOTYPES = YES;
				CLANG_WARN_SUSPICIOUS_MOVE = YES;
				CLANG_WARN_UNGUARDED_AVAILABILITY = YES_AGGRESSIVE;
				CLANG_WARN_UNREACHABLE_CODE = YES;
				CLANG_WARN__DUPLICATE_METHOD_MATCH = YES;
				COPY_PHASE_STRIP = NO;
				DEBUG_INFORMATION_FORMAT = dwarf;
				ENABLE_STRICT_OBJC_MSGSEND = YES;
				ENABLE_TESTABILITY = YES;
				GCC_C_LANGUAGE_STANDARD = gnu11;
				GCC_DYNAMIC_NO_PIC = NO;
				GCC_NO_COMMON_BLOCKS = YES;
				GCC_OPTIMIZATION_LEVEL = 0;
				GCC_PREPROCESSOR_DEFINITIONS = (
					"DEBUG=1",
					"$(inherited)",
				);
				GCC_WARN_64_TO_32_BIT_CONVERSION = YES;
				GCC_WARN_ABOUT_RETURN_TYPE = YES_ERROR;
				GCC_WARN_UNDECLARED_SELECTOR = YES;
				GCC_WARN_UNINITIALIZED_AUTOS = YES_AGGRESSIVE;
				GCC_WARN_UNUSED_FUNCTION = YES;
				GCC_WARN_UNUSED_VARIABLE = YES;
				IPHONEOS_DEPLOYMENT_TARGET = 14.0;
				MTL_ENABLE_DEBUG_INFO = INCLUDE_SOURCE;
				MTL_FAST_MATH = YES;
				ONLY_ACTIVE_ARCH = YES;
				SDKROOT = iphoneos;
				SWIFT_ACTIVE_COMPILATION_CONDITIONS = DEBUG;
				SWIFT_OPTIMIZATION_LEVEL = "-Onone";
			};
			name = Debug;
		};
		68C8193C2949C04D007B6EC2 /* Release */ = {
			isa = XCBuildConfiguration;
			buildSettings = {
				ALWAYS_SEARCH_USER_PATHS = NO;
				CLANG_ANALYZER_NONNULL = YES;
				CLANG_ANALYZER_NUMBER_OBJECT_CONVERSION = YES_AGGRESSIVE;
				CLANG_CXX_LANGUAGE_STANDARD = "gnu++20";
				CLANG_ENABLE_MODULES = YES;
				CLANG_ENABLE_OBJC_ARC = YES;
				CLANG_ENABLE_OBJC_WEAK = YES;
				CLANG_WARN_BLOCK_CAPTURE_AUTORELEASING = YES;
				CLANG_WARN_BOOL_CONVERSION = YES;
				CLANG_WARN_COMMA = YES;
				CLANG_WARN_CONSTANT_CONVERSION = YES;
				CLANG_WARN_DEPRECATED_OBJC_IMPLEMENTATIONS = YES;
				CLANG_WARN_DIRECT_OBJC_ISA_USAGE = YES_ERROR;
				CLANG_WARN_DOCUMENTATION_COMMENTS = YES;
				CLANG_WARN_EMPTY_BODY = YES;
				CLANG_WARN_ENUM_CONVERSION = YES;
				CLANG_WARN_INFINITE_RECURSION = YES;
				CLANG_WARN_INT_CONVERSION = YES;
				CLANG_WARN_NON_LITERAL_NULL_CONVERSION = YES;
				CLANG_WARN_OBJC_IMPLICIT_RETAIN_SELF = YES;
				CLANG_WARN_OBJC_LITERAL_CONVERSION = YES;
				CLANG_WARN_OBJC_ROOT_CLASS = YES_ERROR;
				CLANG_WARN_QUOTED_INCLUDE_IN_FRAMEWORK_HEADER = YES;
				CLANG_WARN_RANGE_LOOP_ANALYSIS = YES;
				CLANG_WARN_STRICT_PROTOTYPES = YES;
				CLANG_WARN_SUSPICIOUS_MOVE = YES;
				CLANG_WARN_UNGUARDED_AVAILABILITY = YES_AGGRESSIVE;
				CLANG_WARN_UNREACHABLE_CODE = YES;
				CLANG_WARN__DUPLICATE_METHOD_MATCH = YES;
				COPY_PHASE_STRIP = NO;
				DEBUG_INFORMATION_FORMAT = "dwarf-with-dsym";
				ENABLE_NS_ASSERTIONS = NO;
				ENABLE_STRICT_OBJC_MSGSEND = YES;
				GCC_C_LANGUAGE_STANDARD = gnu11;
				GCC_NO_COMMON_BLOCKS = YES;
				GCC_WARN_64_TO_32_BIT_CONVERSION = YES;
				GCC_WARN_ABOUT_RETURN_TYPE = YES_ERROR;
				GCC_WARN_UNDECLARED_SELECTOR = YES;
				GCC_WARN_UNINITIALIZED_AUTOS = YES_AGGRESSIVE;
				GCC_WARN_UNUSED_FUNCTION = YES;
				GCC_WARN_UNUSED_VARIABLE = YES;
				IPHONEOS_DEPLOYMENT_TARGET = 14.0;
				MTL_ENABLE_DEBUG_INFO = NO;
				MTL_FAST_MATH = YES;
				SDKROOT = iphoneos;
				SWIFT_COMPILATION_MODE = wholemodule;
				SWIFT_OPTIMIZATION_LEVEL = "-O";
				VALIDATE_PRODUCT = YES;
			};
			name = Release;
		};
		68C8193E2949C04D007B6EC2 /* Debug */ = {
			isa = XCBuildConfiguration;
			baseConfigurationReference = FEB0F29928B97DBD843F6606 /* Pods-ShopUp.debug.xcconfig */;
			buildSettings = {
				ASSETCATALOG_COMPILER_APPICON_NAME = AppIcon;
				ASSETCATALOG_COMPILER_GLOBAL_ACCENT_COLOR_NAME = AccentColor;
				CODE_SIGN_STYLE = Automatic;
				CURRENT_PROJECT_VERSION = 1;
				DEVELOPMENT_TEAM = BMKUX76LZW;
				GENERATE_INFOPLIST_FILE = YES;
				INFOPLIST_FILE = ShopUp/Info.plist;
				INFOPLIST_KEY_UIApplicationSupportsIndirectInputEvents = YES;
				INFOPLIST_KEY_UILaunchStoryboardName = LaunchScreen;
				INFOPLIST_KEY_UIMainStoryboardFile = Main;
				INFOPLIST_KEY_UISupportedInterfaceOrientations = UIInterfaceOrientationPortrait;
				INFOPLIST_KEY_UISupportedInterfaceOrientations_iPad = "UIInterfaceOrientationPortrait UIInterfaceOrientationPortraitUpsideDown";
				IPHONEOS_DEPLOYMENT_TARGET = 14.0;
				LD_RUNPATH_SEARCH_PATHS = (
					"$(inherited)",
					"@executable_path/Frameworks",
				);
				MARKETING_VERSION = 1.0;
				PRODUCT_BUNDLE_IDENTIFIER = com.kunDae.ShopUp;
				PRODUCT_NAME = "$(TARGET_NAME)";
				SWIFT_EMIT_LOC_STRINGS = YES;
				SWIFT_VERSION = 5.0;
				TARGETED_DEVICE_FAMILY = "1,2";
			};
			name = Debug;
		};
		68C8193F2949C04D007B6EC2 /* Release */ = {
			isa = XCBuildConfiguration;
			baseConfigurationReference = E90AA482DB5C35CC8D294D66 /* Pods-ShopUp.release.xcconfig */;
			buildSettings = {
				ASSETCATALOG_COMPILER_APPICON_NAME = AppIcon;
				ASSETCATALOG_COMPILER_GLOBAL_ACCENT_COLOR_NAME = AccentColor;
				CODE_SIGN_STYLE = Automatic;
				CURRENT_PROJECT_VERSION = 1;
				DEVELOPMENT_TEAM = BMKUX76LZW;
				GENERATE_INFOPLIST_FILE = YES;
				INFOPLIST_FILE = ShopUp/Info.plist;
				INFOPLIST_KEY_UIApplicationSupportsIndirectInputEvents = YES;
				INFOPLIST_KEY_UILaunchStoryboardName = LaunchScreen;
				INFOPLIST_KEY_UIMainStoryboardFile = Main;
				INFOPLIST_KEY_UISupportedInterfaceOrientations = UIInterfaceOrientationPortrait;
				INFOPLIST_KEY_UISupportedInterfaceOrientations_iPad = "UIInterfaceOrientationPortrait UIInterfaceOrientationPortraitUpsideDown";
				IPHONEOS_DEPLOYMENT_TARGET = 14.0;
				LD_RUNPATH_SEARCH_PATHS = (
					"$(inherited)",
					"@executable_path/Frameworks",
				);
				MARKETING_VERSION = 1.0;
				PRODUCT_BUNDLE_IDENTIFIER = com.kunDae.ShopUp;
				PRODUCT_NAME = "$(TARGET_NAME)";
				SWIFT_EMIT_LOC_STRINGS = YES;
				SWIFT_VERSION = 5.0;
				TARGETED_DEVICE_FAMILY = "1,2";
			};
			name = Release;
		};
		68C819412949C04D007B6EC2 /* Debug */ = {
			isa = XCBuildConfiguration;
			baseConfigurationReference = ED4A0160848F6A5D896597EB /* Pods-ShopUpTests.debug.xcconfig */;
			buildSettings = {
				ALWAYS_EMBED_SWIFT_STANDARD_LIBRARIES = YES;
				BUNDLE_LOADER = "$(TEST_HOST)";
				CODE_SIGN_STYLE = Automatic;
				CURRENT_PROJECT_VERSION = 1;
				DEVELOPMENT_TEAM = BMKUX76LZW;
				GENERATE_INFOPLIST_FILE = YES;
				IPHONEOS_DEPLOYMENT_TARGET = 16.1;
				MARKETING_VERSION = 1.0;
				PRODUCT_BUNDLE_IDENTIFIER = com.kunDae.ShopUpTests;
				PRODUCT_NAME = "$(TARGET_NAME)";
				SWIFT_EMIT_LOC_STRINGS = NO;
				SWIFT_VERSION = 5.0;
				TARGETED_DEVICE_FAMILY = "1,2";
				TEST_HOST = "$(BUILT_PRODUCTS_DIR)/ShopUp.app/$(BUNDLE_EXECUTABLE_FOLDER_PATH)/ShopUp";
			};
			name = Debug;
		};
		68C819422949C04D007B6EC2 /* Release */ = {
			isa = XCBuildConfiguration;
			baseConfigurationReference = EED032AC80714B712FB2F51C /* Pods-ShopUpTests.release.xcconfig */;
			buildSettings = {
				ALWAYS_EMBED_SWIFT_STANDARD_LIBRARIES = YES;
				BUNDLE_LOADER = "$(TEST_HOST)";
				CODE_SIGN_STYLE = Automatic;
				CURRENT_PROJECT_VERSION = 1;
				DEVELOPMENT_TEAM = BMKUX76LZW;
				GENERATE_INFOPLIST_FILE = YES;
				IPHONEOS_DEPLOYMENT_TARGET = 16.1;
				MARKETING_VERSION = 1.0;
				PRODUCT_BUNDLE_IDENTIFIER = com.kunDae.ShopUpTests;
				PRODUCT_NAME = "$(TARGET_NAME)";
				SWIFT_EMIT_LOC_STRINGS = NO;
				SWIFT_VERSION = 5.0;
				TARGETED_DEVICE_FAMILY = "1,2";
				TEST_HOST = "$(BUILT_PRODUCTS_DIR)/ShopUp.app/$(BUNDLE_EXECUTABLE_FOLDER_PATH)/ShopUp";
			};
			name = Release;
		};
		68C819442949C04D007B6EC2 /* Debug */ = {
			isa = XCBuildConfiguration;
			baseConfigurationReference = E2C6B84D971EB80E3BE03F0C /* Pods-ShopUp-ShopUpUITests.debug.xcconfig */;
			buildSettings = {
				ALWAYS_EMBED_SWIFT_STANDARD_LIBRARIES = YES;
				CODE_SIGN_STYLE = Automatic;
				CURRENT_PROJECT_VERSION = 1;
				DEVELOPMENT_TEAM = BMKUX76LZW;
				GENERATE_INFOPLIST_FILE = YES;
				MARKETING_VERSION = 1.0;
				PRODUCT_BUNDLE_IDENTIFIER = com.kunDae.ShopUpUITests;
				PRODUCT_NAME = "$(TARGET_NAME)";
				SWIFT_EMIT_LOC_STRINGS = NO;
				SWIFT_VERSION = 5.0;
				TARGETED_DEVICE_FAMILY = "1,2";
				TEST_TARGET_NAME = ShopUp;
			};
			name = Debug;
		};
		68C819452949C04D007B6EC2 /* Release */ = {
			isa = XCBuildConfiguration;
			baseConfigurationReference = A82AB45463DF95BD4C53D6C4 /* Pods-ShopUp-ShopUpUITests.release.xcconfig */;
			buildSettings = {
				ALWAYS_EMBED_SWIFT_STANDARD_LIBRARIES = YES;
				CODE_SIGN_STYLE = Automatic;
				CURRENT_PROJECT_VERSION = 1;
				DEVELOPMENT_TEAM = BMKUX76LZW;
				GENERATE_INFOPLIST_FILE = YES;
				MARKETING_VERSION = 1.0;
				PRODUCT_BUNDLE_IDENTIFIER = com.kunDae.ShopUpUITests;
				PRODUCT_NAME = "$(TARGET_NAME)";
				SWIFT_EMIT_LOC_STRINGS = NO;
				SWIFT_VERSION = 5.0;
				TARGETED_DEVICE_FAMILY = "1,2";
				TEST_TARGET_NAME = ShopUp;
			};
			name = Release;
		};
/* End XCBuildConfiguration section */

/* Begin XCConfigurationList section */
		68C8190E2949C04A007B6EC2 /* Build configuration list for PBXProject "ShopUp" */ = {
			isa = XCConfigurationList;
			buildConfigurations = (
				68C8193B2949C04D007B6EC2 /* Debug */,
				68C8193C2949C04D007B6EC2 /* Release */,
			);
			defaultConfigurationIsVisible = 0;
			defaultConfigurationName = Release;
		};
		68C8193D2949C04D007B6EC2 /* Build configuration list for PBXNativeTarget "ShopUp" */ = {
			isa = XCConfigurationList;
			buildConfigurations = (
				68C8193E2949C04D007B6EC2 /* Debug */,
				68C8193F2949C04D007B6EC2 /* Release */,
			);
			defaultConfigurationIsVisible = 0;
			defaultConfigurationName = Release;
		};
		68C819402949C04D007B6EC2 /* Build configuration list for PBXNativeTarget "ShopUpTests" */ = {
			isa = XCConfigurationList;
			buildConfigurations = (
				68C819412949C04D007B6EC2 /* Debug */,
				68C819422949C04D007B6EC2 /* Release */,
			);
			defaultConfigurationIsVisible = 0;
			defaultConfigurationName = Release;
		};
		68C819432949C04D007B6EC2 /* Build configuration list for PBXNativeTarget "ShopUpUITests" */ = {
			isa = XCConfigurationList;
			buildConfigurations = (
				68C819442949C04D007B6EC2 /* Debug */,
				68C819452949C04D007B6EC2 /* Release */,
			);
			defaultConfigurationIsVisible = 0;
			defaultConfigurationName = Release;
		};
/* End XCConfigurationList section */
	};
	rootObject = 68C8190B2949C04A007B6EC2 /* Project object */;
}
